
Microsoft Visual Studio Solution File, Format Version 12.00
# Visual Studio Version 17
VisualStudioVersion = 17.11.35327.3
MinimumVisualStudioVersion = 10.0.40219.1
Project("{9A19103F-16F7-4668-BE54-9A1E7A4F7556}") = "AvisFormationsCore.WebUi", "AvisFormationsCore.WebUi\AvisFormationsCore.WebUi.csproj", "{E9C01468-9717-43C0-BBE7-386E7FE82344}"
EndProject
Project("{9A19103F-16F7-4668-BE54-9A1E7A4F7556}") = "Data", "Data\Data.csproj", "{4BDE92D2-F203-49A4-B3EA-F68D2E807CE6}"
EndProject
Global
	GlobalSection(SolutionConfigurationPlatforms) = preSolution
		Debug|Any CPU = Debug|Any CPU
		Release|Any CPU = Release|Any CPU
	EndGlobalSection
	GlobalSection(ProjectConfigurationPlatforms) = postSolution
		{E9C01468-9717-43C0-BBE7-386E7FE82344}.Debug|Any CPU.ActiveCfg = Debug|Any CPU
		{E9C01468-9717-43C0-BBE7-386E7FE82344}.Debug|Any CPU.Build.0 = Debug|Any CPU
		{E9C01468-9717-43C0-BBE7-386E7FE82344}.Release|Any CPU.ActiveCfg = Release|Any CPU
		{E9C01468-9717-43C0-BBE7-386E7FE82344}.Release|Any CPU.Build.0 = Release|Any CPU
		{4BDE92D2-F203-49A4-B3EA-F68D2E807CE6}.Debug|Any CPU.ActiveCfg = Debug|Any CPU
		{4BDE92D2-F203-49A4-B3EA-F68D2E807CE6}.Debug|Any CPU.Build.0 = Debug|Any CPU
		{4BDE92D2-F203-49A4-B3EA-F68D2E807CE6}.Release|Any CPU.ActiveCfg = Release|Any CPU
		{4BDE92D2-F203-49A4-B3EA-F68D2E807CE6}.Release|Any CPU.Build.0 = Release|Any CPU
	EndGlobalSection
	GlobalSection(SolutionProperties) = preSolution
		HideSolutionNode = FALSE
	EndGlobalSection
	GlobalSection(ExtensibilityGlobals) = postSolution
		SolutionGuid = {3217158B-7B8B-4889-9159-A8F39D882A40}
	EndGlobalSection
EndGlobal
